
Microsoft Visual Studio Solution File, Format Version 12.00
# Visual Studio Version 17
VisualStudioVersion = 17.3.32901.215
MinimumVisualStudioVersion = 10.0.40219.1
Project("{FAE04EC0-301F-11D3-BF4B-00C04F79EFBC}") = "lab3", "lab3\lab3.csproj", "{C6BA2EC9-0DC6-430A-B956-7BA2784D7BF5}"
EndProject
Global
	GlobalSection(SolutionConfigurationPlatforms) = preSolution
		Debug|Any CPU = Debug|Any CPU
		Release|Any CPU = Release|Any CPU
	EndGlobalSection
	GlobalSection(ProjectConfigurationPlatforms) = postSolution
		{C6BA2EC9-0DC6-430A-B956-7BA2784D7BF5}.Debug|Any CPU.ActiveCfg = Debug|Any CPU
		{C6BA2EC9-0DC6-430A-B956-7BA2784D7BF5}.Debug|Any CPU.Build.0 = Debug|Any CPU
		{C6BA2EC9-0DC6-430A-B956-7BA2784D7BF5}.Release|Any CPU.ActiveCfg = Release|Any CPU
		{C6BA2EC9-0DC6-430A-B956-7BA2784D7BF5}.Release|Any CPU.Build.0 = Release|Any CPU
	EndGlobalSection
	GlobalSection(SolutionProperties) = preSolution
		HideSolutionNode = FALSE
	EndGlobalSection
	GlobalSection(ExtensibilityGlobals) = postSolution
		SolutionGuid = {44E7E4E4-FF04-4F9D-9ADA-C01D4567183B}
	EndGlobalSection
EndGlobal
